{
  "version": 4,
  "terraform_version": "0.14.5",
  "serial": 4,
  "lineage": "20316192-0b10-80cf-4013-786acb2b1f3e",
  "outputs": {},
  "resources": [
    {
      "mode": "managed",
      "type": "azurerm_app_service",
      "name": "project4example",
      "provider": "provider[\"registry.terraform.io/hashicorp/azurerm\"]",
      "instances": [
        {
          "schema_version": 0,
          "attributes": {
            "app_service_plan_id": "/subscriptions/460db75f-5b6f-49d6-9425-a4c6e31f6159/resourceGroups/project4-resources/providers/Microsoft.Web/serverfarms/project4-appserviceplan",
            "app_settings": {
              "WEBSITE_NODE_DEFAULT_VERSION": "6.9.1"
            },
            "auth_settings": [
              {
                "active_directory": [],
                "additional_login_params": {},
                "allowed_external_redirect_urls": [],
                "default_provider": "",
                "enabled": false,
                "facebook": [],
                "google": [],
                "issuer": "",
                "microsoft": [],
                "runtime_version": "",
                "token_refresh_extension_hours": 0,
                "token_store_enabled": false,
                "twitter": [],
                "unauthenticated_client_action": ""
              }
            ],
            "backup": [],
            "client_affinity_enabled": false,
            "client_cert_enabled": false,
            "connection_string": [],
            "custom_domain_verification_id": "10F42F27BF4D3CC13730D7F5A17CF04A7008102CDDD83AB43280814DB1286384",
            "default_site_hostname": "project4-app-service-jray.azurewebsites.net",
            "enabled": true,
            "https_only": false,
            "id": "/subscriptions/460db75f-5b6f-49d6-9425-a4c6e31f6159/resourceGroups/project4-resources/providers/Microsoft.Web/sites/project4-app-service-jray",
            "identity": [],
            "location": "centralus",
            "logs": [
              {
                "application_logs": [
                  {
                    "azure_blob_storage": [],
                    "file_system_level": "Off"
                  }
                ],
                "detailed_error_messages_enabled": false,
                "failed_request_tracing_enabled": false,
                "http_logs": [
                  {
                    "azure_blob_storage": [],
                    "file_system": []
                  }
                ]
              }
            ],
            "name": "project4-app-service-jray",
            "outbound_ip_address_list": [
              "52.143.242.16",
              "52.143.244.150",
              "52.143.247.239",
              "52.154.168.225",
              "40.89.242.163",
              "52.154.170.5",
              "20.40.202.10"
            ],
            "outbound_ip_addresses": "52.143.242.16,52.143.244.150,52.143.247.239,52.154.168.225,40.89.242.163,52.154.170.5,20.40.202.10",
            "possible_outbound_ip_address_list": [
              "52.143.242.16",
              "52.143.244.150",
              "52.143.247.239",
              "52.154.168.225",
              "40.89.242.163",
              "52.154.170.5",
              "13.89.109.87",
              "52.154.170.121",
              "52.154.170.130",
              "52.154.170.240",
              "52.154.169.254",
              "52.154.171.50",
              "52.154.171.159",
              "52.154.172.108",
              "52.154.172.168",
              "52.154.172.201",
              "52.154.173.64",
              "52.154.173.244",
              "52.154.174.206",
              "52.154.174.219",
              "52.154.175.133",
              "52.154.240.178",
              "13.89.107.200",
              "52.154.240.255",
              "52.154.241.74",
              "52.154.242.21",
              "52.154.242.233",
              "52.154.242.237",
              "52.154.243.0",
              "52.154.243.98",
              "20.40.202.10"
            ],
            "possible_outbound_ip_addresses": "52.143.242.16,52.143.244.150,52.143.247.239,52.154.168.225,40.89.242.163,52.154.170.5,13.89.109.87,52.154.170.121,52.154.170.130,52.154.170.240,52.154.169.254,52.154.171.50,52.154.171.159,52.154.172.108,52.154.172.168,52.154.172.201,52.154.173.64,52.154.173.244,52.154.174.206,52.154.174.219,52.154.175.133,52.154.240.178,13.89.107.200,52.154.240.255,52.154.241.74,52.154.242.21,52.154.242.233,52.154.242.237,52.154.243.0,52.154.243.98,20.40.202.10",
            "resource_group_name": "project4-resources",
            "site_config": [
              {
                "always_on": false,
                "app_command_line": "",
                "auto_swap_slot_name": "",
                "cors": [
                  {
                    "allowed_origins": [],
                    "support_credentials": false
                  }
                ],
                "default_documents": null,
                "dotnet_framework_version": "v5.0",
                "ftps_state": "AllAllowed",
                "health_check_path": "",
                "http2_enabled": false,
                "ip_restriction": [],
                "java_container": "",
                "java_container_version": "",
                "java_version": "",
                "linux_fx_version": "",
                "local_mysql_enabled": false,
                "managed_pipeline_mode": "Integrated",
                "min_tls_version": "1.2",
                "php_version": "",
                "python_version": "",
                "remote_debugging_enabled": false,
                "remote_debugging_version": "VS2019",
                "scm_ip_restriction": [],
                "scm_type": "VSTSRM",
                "scm_use_main_ip_restriction": false,
                "use_32_bit_worker_process": true,
                "websockets_enabled": false,
                "windows_fx_version": ""
              }
            ],
            "site_credential": [
              {
                "password": "oXnlH8lflpbqTZ82mnhgXqsW20aAPNJ0d6fKdsk6d3bbTowZh8h5kE0636k8",
                "username": "$project4-app-service-jray"
              }
            ],
            "source_control": [
              {
                "branch": "master",
                "manual_integration": false,
                "repo_url": "VSTSRM",
                "rollback_enabled": false,
                "use_mercurial": false
              }
            ],
            "storage_account": [],
            "tags": null,
            "timeouts": null
          },
          "sensitive_attributes": [],
          "private": "eyJlMmJmYjczMC1lY2FhLTExZTYtOGY4OC0zNDM2M2JjN2M0YzAiOnsiY3JlYXRlIjoxODAwMDAwMDAwMDAwLCJkZWxldGUiOjE4MDAwMDAwMDAwMDAsInJlYWQiOjMwMDAwMDAwMDAwMCwidXBkYXRlIjoxODAwMDAwMDAwMDAwfX0=",
          "dependencies": [
            "azurerm_app_service_plan.project4example",
            "azurerm_resource_group.project4"
          ]
        }
      ]
    },
    {
      "mode": "managed",
      "type": "azurerm_app_service_plan",
      "name": "project4example",
      "provider": "provider[\"registry.terraform.io/hashicorp/azurerm\"]",
      "instances": [
        {
          "schema_version": 0,
          "attributes": {
            "app_service_environment_id": "",
            "id": "/subscriptions/460db75f-5b6f-49d6-9425-a4c6e31f6159/resourceGroups/project4-resources/providers/Microsoft.Web/serverfarms/project4-appserviceplan",
            "is_xenon": false,
            "kind": "Windows",
            "location": "centralus",
            "maximum_elastic_worker_count": 1,
            "maximum_number_of_workers": 1,
            "name": "project4-appserviceplan",
            "per_site_scaling": false,
            "reserved": false,
            "resource_group_name": "project4-resources",
            "sku": [
              {
                "capacity": 0,
                "size": "F1",
                "tier": "Free"
              }
            ],
            "tags": null,
            "timeouts": null
          },
          "sensitive_attributes": [],
          "private": "eyJlMmJmYjczMC1lY2FhLTExZTYtOGY4OC0zNDM2M2JjN2M0YzAiOnsiY3JlYXRlIjozNjAwMDAwMDAwMDAwLCJkZWxldGUiOjM2MDAwMDAwMDAwMDAsInJlYWQiOjMwMDAwMDAwMDAwMCwidXBkYXRlIjozNjAwMDAwMDAwMDAwfX0=",
          "dependencies": [
            "azurerm_resource_group.project4"
          ]
        }
      ]
    },
    {
      "mode": "managed",
      "type": "azurerm_resource_group",
      "name": "project4",
      "provider": "provider[\"registry.terraform.io/hashicorp/azurerm\"]",
      "instances": [
        {
          "schema_version": 0,
          "attributes": {
            "id": "/subscriptions/460db75f-5b6f-49d6-9425-a4c6e31f6159/resourceGroups/project4-resources",
            "location": "centralus",
            "name": "project4-resources",
            "tags": null,
            "timeouts": null
          },
          "sensitive_attributes": [],
          "private": "eyJlMmJmYjczMC1lY2FhLTExZTYtOGY4OC0zNDM2M2JjN2M0YzAiOnsiY3JlYXRlIjo1NDAwMDAwMDAwMDAwLCJkZWxldGUiOjU0MDAwMDAwMDAwMDAsInJlYWQiOjMwMDAwMDAwMDAwMCwidXBkYXRlIjo1NDAwMDAwMDAwMDAwfX0="
        }
      ]
    },
    {
      "mode": "managed",
      "type": "azurerm_sql_database",
      "name": "project4",
      "provider": "provider[\"registry.terraform.io/hashicorp/azurerm\"]",
      "instances": []
    }
  ]
}
