
Microsoft Visual Studio Solution File, Format Version 12.00
# Visual Studio Version 16
VisualStudioVersion = 16.0.30907.101
MinimumVisualStudioVersion = 10.0.40219.1
Project("{FAE04EC0-301F-11D3-BF4B-00C04F79EFBC}") = "Final", "Final\Final.csproj", "{F150FD6E-7BA8-41AF-B2B9-3EC47D875141}"
EndProject
Global
	GlobalSection(SolutionConfigurationPlatforms) = preSolution
		Debug|Any CPU = Debug|Any CPU
		Release|Any CPU = Release|Any CPU
	EndGlobalSection
	GlobalSection(ProjectConfigurationPlatforms) = postSolution
		{F150FD6E-7BA8-41AF-B2B9-3EC47D875141}.Debug|Any CPU.ActiveCfg = Debug|Any CPU
		{F150FD6E-7BA8-41AF-B2B9-3EC47D875141}.Debug|Any CPU.Build.0 = Debug|Any CPU
		{F150FD6E-7BA8-41AF-B2B9-3EC47D875141}.Release|Any CPU.ActiveCfg = Release|Any CPU
		{F150FD6E-7BA8-41AF-B2B9-3EC47D875141}.Release|Any CPU.Build.0 = Release|Any CPU
	EndGlobalSection
	GlobalSection(SolutionProperties) = preSolution
		HideSolutionNode = FALSE
	EndGlobalSection
	GlobalSection(ExtensibilityGlobals) = postSolution
		SolutionGuid = {DECE63A4-9809-4155-B72D-D54E20C84184}
	EndGlobalSection
EndGlobal
